// !$*UTF8*$!
{
	archiveVersion = 1;
	classes = {
	};
	objectVersion = 51;
	objects = {

/* Begin PBXBuildFile section */
		49A370F9930181A69515B738 /* Pods_IoraWallPaper.framework in Frameworks */ = {isa = PBXBuildFile; fileRef = BABB0D29F9DDC3A2A1D02674 /* Pods_IoraWallPaper.framework */; };
		8E45512724922AD200CD9F7C /* ShowPreViewController.swift in Sources */ = {isa = PBXBuildFile; fileRef = 8E45512624922AD200CD9F7C /* ShowPreViewController.swift */; };
		8E888033248DF71300E7E620 /* AppDelegate.swift in Sources */ = {isa = PBXBuildFile; fileRef = 8E888032248DF71300E7E620 /* AppDelegate.swift */; };
		8E888035248DF71300E7E620 /* SceneDelegate.swift in Sources */ = {isa = PBXBuildFile; fileRef = 8E888034248DF71300E7E620 /* SceneDelegate.swift */; };
		8E888037248DF71300E7E620 /* MainViewController.swift in Sources */ = {isa = PBXBuildFile; fileRef = 8E888036248DF71300E7E620 /* MainViewController.swift */; };
		8E88803A248DF71300E7E620 /* Main.storyboard in Resources */ = {isa = PBXBuildFile; fileRef = 8E888038248DF71300E7E620 /* Main.storyboard */; };
		8E88803C248DF71400E7E620 /* Assets.xcassets in Resources */ = {isa = PBXBuildFile; fileRef = 8E88803B248DF71400E7E620 /* Assets.xcassets */; };
		8E88803F248DF71400E7E620 /* LaunchScreen.storyboard in Resources */ = {isa = PBXBuildFile; fileRef = 8E88803D248DF71400E7E620 /* LaunchScreen.storyboard */; };
		8E88804B248DFD0100E7E620 /* WallPapeerCollectionViewCell.swift in Sources */ = {isa = PBXBuildFile; fileRef = 8E88804A248DFD0100E7E620 /* WallPapeerCollectionViewCell.swift */; };
		8E8B4A722494C5200072620A /* CalendarViewController.swift in Sources */ = {isa = PBXBuildFile; fileRef = 8E8B4A712494C5200072620A /* CalendarViewController.swift */; };
		8E8B4A742494C6930072620A /* DayCollectionViewCell.swift in Sources */ = {isa = PBXBuildFile; fileRef = 8E8B4A732494C6930072620A /* DayCollectionViewCell.swift */; };
		8E8B4A762497282F0072620A /* PHPhotoLibrary+PhotoSave.swift in Sources */ = {isa = PBXBuildFile; fileRef = 8E8B4A752497282F0072620A /* PHPhotoLibrary+PhotoSave.swift */; };
		8E922AC92490CBC400424D10 /* WallPaper.swift in Sources */ = {isa = PBXBuildFile; fileRef = 8E922AC82490CBC400424D10 /* WallPaper.swift */; };
		8E95A9E72490839600F55F82 /* DetailImageViewController.swift in Sources */ = {isa = PBXBuildFile; fileRef = 8E95A9E62490839600F55F82 /* DetailImageViewController.swift */; };
		8ECD80372490C6E800DA4B5E /* NanumSquareRoundR.ttf in Resources */ = {isa = PBXBuildFile; fileRef = 8ECD80332490C6E700DA4B5E /* NanumSquareRoundR.ttf */; };
		8ECD80382490C6E800DA4B5E /* NanumSquareRoundL.ttf in Resources */ = {isa = PBXBuildFile; fileRef = 8ECD80342490C6E700DA4B5E /* NanumSquareRoundL.ttf */; };
		8ECD80392490C6E800DA4B5E /* NanumSquareRoundEB.ttf in Resources */ = {isa = PBXBuildFile; fileRef = 8ECD80352490C6E700DA4B5E /* NanumSquareRoundEB.ttf */; };
		8ECD803A2490C6E800DA4B5E /* NanumSquareRoundB.ttf in Resources */ = {isa = PBXBuildFile; fileRef = 8ECD80362490C6E700DA4B5E /* NanumSquareRoundB.ttf */; };
		8EDCBF73249BADF900022E19 /* GoogleService-Info.plist in Resources */ = {isa = PBXBuildFile; fileRef = 8EDCBF72249BADF900022E19 /* GoogleService-Info.plist */; };
		8EDCBF75249BB53400022E19 /* Reachability.swift in Sources */ = {isa = PBXBuildFile; fileRef = 8EDCBF74249BB53400022E19 /* Reachability.swift */; };
/* End PBXBuildFile section */

/* Begin PBXFileReference section */
		3485C558D3B708322FB9F7F4 /* Pods-IoraWallPaper.release.xcconfig */ = {isa = PBXFileReference; includeInIndex = 1; lastKnownFileType = text.xcconfig; name = "Pods-IoraWallPaper.release.xcconfig"; path = "Target Support Files/Pods-IoraWallPaper/Pods-IoraWallPaper.release.xcconfig"; sourceTree = "<group>"; };
		8E45512624922AD200CD9F7C /* ShowPreViewController.swift */ = {isa = PBXFileReference; lastKnownFileType = sourcecode.swift; path = ShowPreViewController.swift; sourceTree = "<group>"; };
		8E88802F248DF71300E7E620 /* iORA.app */ = {isa = PBXFileReference; explicitFileType = wrapper.application; includeInIndex = 0; path = iORA.app; sourceTree = BUILT_PRODUCTS_DIR; };
		8E888032248DF71300E7E620 /* AppDelegate.swift */ = {isa = PBXFileReference; lastKnownFileType = sourcecode.swift; path = AppDelegate.swift; sourceTree = "<group>"; };
		8E888034248DF71300E7E620 /* SceneDelegate.swift */ = {isa = PBXFileReference; lastKnownFileType = sourcecode.swift; path = SceneDelegate.swift; sourceTree = "<group>"; };
		8E888036248DF71300E7E620 /* MainViewController.swift */ = {isa = PBXFileReference; lastKnownFileType = sourcecode.swift; path = MainViewController.swift; sourceTree = "<group>"; };
		8E888039248DF71300E7E620 /* Base */ = {isa = PBXFileReference; lastKnownFileType = file.storyboard; name = Base; path = Base.lproj/Main.storyboard; sourceTree = "<group>"; };
		8E88803B248DF71400E7E620 /* Assets.xcassets */ = {isa = PBXFileReference; lastKnownFileType = folder.assetcatalog; path = Assets.xcassets; sourceTree = "<group>"; };
		8E88803E248DF71400E7E620 /* Base */ = {isa = PBXFileReference; lastKnownFileType = file.storyboard; name = Base; path = Base.lproj/LaunchScreen.storyboard; sourceTree = "<group>"; };
		8E888040248DF71400E7E620 /* Info.plist */ = {isa = PBXFileReference; lastKnownFileType = text.plist.xml; path = Info.plist; sourceTree = "<group>"; };
		8E88804A248DFD0100E7E620 /* WallPapeerCollectionViewCell.swift */ = {isa = PBXFileReference; lastKnownFileType = sourcecode.swift; path = WallPapeerCollectionViewCell.swift; sourceTree = "<group>"; };
		8E8B4A712494C5200072620A /* CalendarViewController.swift */ = {isa = PBXFileReference; lastKnownFileType = sourcecode.swift; path = CalendarViewController.swift; sourceTree = "<group>"; };
		8E8B4A732494C6930072620A /* DayCollectionViewCell.swift */ = {isa = PBXFileReference; lastKnownFileType = sourcecode.swift; path = DayCollectionViewCell.swift; sourceTree = "<group>"; };
		8E8B4A752497282F0072620A /* PHPhotoLibrary+PhotoSave.swift */ = {isa = PBXFileReference; lastKnownFileType = sourcecode.swift; path = "PHPhotoLibrary+PhotoSave.swift"; sourceTree = "<group>"; };
		8E922AC82490CBC400424D10 /* WallPaper.swift */ = {isa = PBXFileReference; lastKnownFileType = sourcecode.swift; path = WallPaper.swift; sourceTree = "<group>"; };
		8E95A9E62490839600F55F82 /* DetailImageViewController.swift */ = {isa = PBXFileReference; lastKnownFileType = sourcecode.swift; path = DetailImageViewController.swift; sourceTree = "<group>"; };
		8ECD80332490C6E700DA4B5E /* NanumSquareRoundR.ttf */ = {isa = PBXFileReference; lastKnownFileType = file; path = NanumSquareRoundR.ttf; sourceTree = "<group>"; };
		8ECD80342490C6E700DA4B5E /* NanumSquareRoundL.ttf */ = {isa = PBXFileReference; lastKnownFileType = file; path = NanumSquareRoundL.ttf; sourceTree = "<group>"; };
		8ECD80352490C6E700DA4B5E /* NanumSquareRoundEB.ttf */ = {isa = PBXFileReference; lastKnownFileType = file; path = NanumSquareRoundEB.ttf; sourceTree = "<group>"; };
		8ECD80362490C6E700DA4B5E /* NanumSquareRoundB.ttf */ = {isa = PBXFileReference; lastKnownFileType = file; path = NanumSquareRoundB.ttf; sourceTree = "<group>"; };
		8EDCBF72249BADF900022E19 /* GoogleService-Info.plist */ = {isa = PBXFileReference; fileEncoding = 4; lastKnownFileType = text.plist.xml; path = "GoogleService-Info.plist"; sourceTree = "<group>"; };
		8EDCBF74249BB53400022E19 /* Reachability.swift */ = {isa = PBXFileReference; lastKnownFileType = sourcecode.swift; path = Reachability.swift; sourceTree = "<group>"; };
		AC5DAF1AAEC8A387DB304794 /* Pods-IoraWallPaper.debug.xcconfig */ = {isa = PBXFileReference; includeInIndex = 1; lastKnownFileType = text.xcconfig; name = "Pods-IoraWallPaper.debug.xcconfig"; path = "Target Support Files/Pods-IoraWallPaper/Pods-IoraWallPaper.debug.xcconfig"; sourceTree = "<group>"; };
		BABB0D29F9DDC3A2A1D02674 /* Pods_IoraWallPaper.framework */ = {isa = PBXFileReference; explicitFileType = wrapper.framework; includeInIndex = 0; path = Pods_IoraWallPaper.framework; sourceTree = BUILT_PRODUCTS_DIR; };
/* End PBXFileReference section */

/* Begin PBXFrameworksBuildPhase section */
		8E88802C248DF71300E7E620 /* Frameworks */ = {
			isa = PBXFrameworksBuildPhase;
			buildActionMask = 2147483647;
			files = (
				49A370F9930181A69515B738 /* Pods_IoraWallPaper.framework in Frameworks */,
			);
			runOnlyForDeploymentPostprocessing = 0;
		};
/* End PBXFrameworksBuildPhase section */

/* Begin PBXGroup section */
		6E3445EDFA6C763AF13F8802 /* Frameworks */ = {
			isa = PBXGroup;
			children = (
				BABB0D29F9DDC3A2A1D02674 /* Pods_IoraWallPaper.framework */,
			);
			name = Frameworks;
			sourceTree = "<group>";
		};
		8E888026248DF71300E7E620 = {
			isa = PBXGroup;
			children = (
				8E888031248DF71300E7E620 /* IoraWallPaper */,
				8E888030248DF71300E7E620 /* Products */,
				AC6E1B9442743CF7E9D213B0 /* Pods */,
				6E3445EDFA6C763AF13F8802 /* Frameworks */,
			);
			sourceTree = "<group>";
		};
		8E888030248DF71300E7E620 /* Products */ = {
			isa = PBXGroup;
			children = (
				8E88802F248DF71300E7E620 /* iORA.app */,
			);
			name = Products;
			sourceTree = "<group>";
		};
		8E888031248DF71300E7E620 /* IoraWallPaper */ = {
			isa = PBXGroup;
			children = (
				8E888047248DF72200E7E620 /* App&Scene */,
				8E922AC72490CBAF00424D10 /* Model */,
				8E888048248DF73900E7E620 /* VC */,
				8E888049248DF73E00E7E620 /* View */,
				8E888046248DF71B00E7E620 /* Resource */,
				8EDCBF71249BADE900022E19 /* Supporting */,
				8E888040248DF71400E7E620 /* Info.plist */,
			);
			path = IoraWallPaper;
			sourceTree = "<group>";
		};
		8E888046248DF71B00E7E620 /* Resource */ = {
			isa = PBXGroup;
			children = (
				8ECD80322490C6D900DA4B5E /* Font */,
				8E888038248DF71300E7E620 /* Main.storyboard */,
				8E88803D248DF71400E7E620 /* LaunchScreen.storyboard */,
				8E88803B248DF71400E7E620 /* Assets.xcassets */,
			);
			path = Resource;
			sourceTree = "<group>";
		};
		8E888047248DF72200E7E620 /* App&Scene */ = {
			isa = PBXGroup;
			children = (
				8E888032248DF71300E7E620 /* AppDelegate.swift */,
				8E888034248DF71300E7E620 /* SceneDelegate.swift */,
			);
			path = "App&Scene";
			sourceTree = "<group>";
		};
		8E888048248DF73900E7E620 /* VC */ = {
			isa = PBXGroup;
			children = (
				8E888036248DF71300E7E620 /* MainViewController.swift */,
				8E95A9E62490839600F55F82 /* DetailImageViewController.swift */,
				8E45512624922AD200CD9F7C /* ShowPreViewController.swift */,
				8E8B4A712494C5200072620A /* CalendarViewController.swift */,
			);
			path = VC;
			sourceTree = "<group>";
		};
		8E888049248DF73E00E7E620 /* View */ = {
			isa = PBXGroup;
			children = (
				8E88804A248DFD0100E7E620 /* WallPapeerCollectionViewCell.swift */,
				8E8B4A732494C6930072620A /* DayCollectionViewCell.swift */,
			);
			path = View;
			sourceTree = "<group>";
		};
		8E922AC72490CBAF00424D10 /* Model */ = {
			isa = PBXGroup;
			children = (
				8E922AC82490CBC400424D10 /* WallPaper.swift */,
				8E8B4A752497282F0072620A /* PHPhotoLibrary+PhotoSave.swift */,
				8EDCBF74249BB53400022E19 /* Reachability.swift */,
			);
			path = Model;
			sourceTree = "<group>";
		};
		8ECD80322490C6D900DA4B5E /* Font */ = {
			isa = PBXGroup;
			children = (
				8ECD80362490C6E700DA4B5E /* NanumSquareRoundB.ttf */,
				8ECD80352490C6E700DA4B5E /* NanumSquareRoundEB.ttf */,
				8ECD80342490C6E700DA4B5E /* NanumSquareRoundL.ttf */,
				8ECD80332490C6E700DA4B5E /* NanumSquareRoundR.ttf */,
			);
			path = Font;
			sourceTree = "<group>";
		};
		8EDCBF71249BADE900022E19 /* Supporting */ = {
			isa = PBXGroup;
			children = (
				8EDCBF72249BADF900022E19 /* GoogleService-Info.plist */,
			);
			path = Supporting;
			sourceTree = "<group>";
		};
		AC6E1B9442743CF7E9D213B0 /* Pods */ = {
			isa = PBXGroup;
			children = (
				AC5DAF1AAEC8A387DB304794 /* Pods-IoraWallPaper.debug.xcconfig */,
				3485C558D3B708322FB9F7F4 /* Pods-IoraWallPaper.release.xcconfig */,
			);
			path = Pods;
			sourceTree = "<group>";
		};
/* End PBXGroup section */

/* Begin PBXNativeTarget section */
		8E88802E248DF71300E7E620 /* IoraWallPaper */ = {
			isa = PBXNativeTarget;
			buildConfigurationList = 8E888043248DF71400E7E620 /* Build configuration list for PBXNativeTarget "IoraWallPaper" */;
			buildPhases = (
				784C3AE0246C03BE47A0E4B1 /* [CP] Check Pods Manifest.lock */,
				8E88802B248DF71300E7E620 /* Sources */,
				8E88802C248DF71300E7E620 /* Frameworks */,
				8E88802D248DF71300E7E620 /* Resources */,
				5A2F42AC83746C1977CF0E2B /* [CP] Embed Pods Frameworks */,
			);
			buildRules = (
			);
			dependencies = (
			);
			name = IoraWallPaper;
			productName = IoraWallPaper;
			productReference = 8E88802F248DF71300E7E620 /* iORA.app */;
			productType = "com.apple.product-type.application";
		};
/* End PBXNativeTarget section */

/* Begin PBXProject section */
		8E888027248DF71300E7E620 /* Project object */ = {
			isa = PBXProject;
			attributes = {
				LastSwiftUpdateCheck = 1150;
				LastUpgradeCheck = 1150;
				ORGANIZATIONNAME = "sangwook park";
				TargetAttributes = {
					8E88802E248DF71300E7E620 = {
						CreatedOnToolsVersion = 11.5;
					};
				};
			};
			buildConfigurationList = 8E88802A248DF71300E7E620 /* Build configuration list for PBXProject "IoraWallPaper" */;
			compatibilityVersion = "Xcode 9.3";
			developmentRegion = en;
			hasScannedForEncodings = 0;
			knownRegions = (
				en,
				Base,
			);
			mainGroup = 8E888026248DF71300E7E620;
			productRefGroup = 8E888030248DF71300E7E620 /* Products */;
			projectDirPath = "";
			projectRoot = "";
			targets = (
				8E88802E248DF71300E7E620 /* IoraWallPaper */,
			);
		};
/* End PBXProject section */

/* Begin PBXResourcesBuildPhase section */
		8E88802D248DF71300E7E620 /* Resources */ = {
			isa = PBXResourcesBuildPhase;
			buildActionMask = 2147483647;
			files = (
				8E88803F248DF71400E7E620 /* LaunchScreen.storyboard in Resources */,
				8EDCBF73249BADF900022E19 /* GoogleService-Info.plist in Resources */,
				8ECD80392490C6E800DA4B5E /* NanumSquareRoundEB.ttf in Resources */,
				8ECD803A2490C6E800DA4B5E /* NanumSquareRoundB.ttf in Resources */,
				8ECD80372490C6E800DA4B5E /* NanumSquareRoundR.ttf in Resources */,
				8E88803C248DF71400E7E620 /* Assets.xcassets in Resources */,
				8E88803A248DF71300E7E620 /* Main.storyboard in Resources */,
				8ECD80382490C6E800DA4B5E /* NanumSquareRoundL.ttf in Resources */,
			);
			runOnlyForDeploymentPostprocessing = 0;
		};
/* End PBXResourcesBuildPhase section */

/* Begin PBXShellScriptBuildPhase section */
		5A2F42AC83746C1977CF0E2B /* [CP] Embed Pods Frameworks */ = {
			isa = PBXShellScriptBuildPhase;
			buildActionMask = 2147483647;
			files = (
			);
			inputFileListPaths = (
				"${PODS_ROOT}/Target Support Files/Pods-IoraWallPaper/Pods-IoraWallPaper-frameworks-${CONFIGURATION}-input-files.xcfilelist",
			);
			name = "[CP] Embed Pods Frameworks";
			outputFileListPaths = (
				"${PODS_ROOT}/Target Support Files/Pods-IoraWallPaper/Pods-IoraWallPaper-frameworks-${CONFIGURATION}-output-files.xcfilelist",
			);
			runOnlyForDeploymentPostprocessing = 0;
			shellPath = /bin/sh;
			shellScript = "\"${PODS_ROOT}/Target Support Files/Pods-IoraWallPaper/Pods-IoraWallPaper-frameworks.sh\"\n";
			showEnvVarsInLog = 0;
		};
		784C3AE0246C03BE47A0E4B1 /* [CP] Check Pods Manifest.lock */ = {
			isa = PBXShellScriptBuildPhase;
			buildActionMask = 2147483647;
			files = (
			);
			inputFileListPaths = (
			);
			inputPaths = (
				"${PODS_PODFILE_DIR_PATH}/Podfile.lock",
				"${PODS_ROOT}/Manifest.lock",
			);
			name = "[CP] Check Pods Manifest.lock";
			outputFileListPaths = (
			);
			outputPaths = (
				"$(DERIVED_FILE_DIR)/Pods-IoraWallPaper-checkManifestLockResult.txt",
			);
			runOnlyForDeploymentPostprocessing = 0;
			shellPath = /bin/sh;
			shellScript = "diff \"${PODS_PODFILE_DIR_PATH}/Podfile.lock\" \"${PODS_ROOT}/Manifest.lock\" > /dev/null\nif [ $? != 0 ] ; then\n    # print error to STDERR\n    echo \"error: The sandbox is not in sync with the Podfile.lock. Run 'pod install' or update your CocoaPods installation.\" >&2\n    exit 1\nfi\n# This output is used by Xcode 'outputs' to avoid re-running this script phase.\necho \"SUCCESS\" > \"${SCRIPT_OUTPUT_FILE_0}\"\n";
			showEnvVarsInLog = 0;
		};
/* End PBXShellScriptBuildPhase section */

/* Begin PBXSourcesBuildPhase section */
		8E88802B248DF71300E7E620 /* Sources */ = {
			isa = PBXSourcesBuildPhase;
			buildActionMask = 2147483647;
			files = (
				8E8B4A722494C5200072620A /* CalendarViewController.swift in Sources */,
				8E8B4A742494C6930072620A /* DayCollectionViewCell.swift in Sources */,
				8E922AC92490CBC400424D10 /* WallPaper.swift in Sources */,
				8E8B4A762497282F0072620A /* PHPhotoLibrary+PhotoSave.swift in Sources */,
				8E888037248DF71300E7E620 /* MainViewController.swift in Sources */,
				8E45512724922AD200CD9F7C /* ShowPreViewController.swift in Sources */,
				8E88804B248DFD0100E7E620 /* WallPapeerCollectionViewCell.swift in Sources */,
				8EDCBF75249BB53400022E19 /* Reachability.swift in Sources */,
				8E95A9E72490839600F55F82 /* DetailImageViewController.swift in Sources */,
				8E888033248DF71300E7E620 /* AppDelegate.swift in Sources */,
				8E888035248DF71300E7E620 /* SceneDelegate.swift in Sources */,
			);
			runOnlyForDeploymentPostprocessing = 0;
		};
/* End PBXSourcesBuildPhase section */

/* Begin PBXVariantGroup section */
		8E888038248DF71300E7E620 /* Main.storyboard */ = {
			isa = PBXVariantGroup;
			children = (
				8E888039248DF71300E7E620 /* Base */,
			);
			name = Main.storyboard;
			sourceTree = "<group>";
		};
		8E88803D248DF71400E7E620 /* LaunchScreen.storyboard */ = {
			isa = PBXVariantGroup;
			children = (
				8E88803E248DF71400E7E620 /* Base */,
			);
			name = LaunchScreen.storyboard;
			sourceTree = "<group>";
		};
/* End PBXVariantGroup section */

/* Begin XCBuildConfiguration section */
		8E888041248DF71400E7E620 /* Debug */ = {
			isa = XCBuildConfiguration;
			buildSettings = {
				ALWAYS_SEARCH_USER_PATHS = NO;
				CLANG_ANALYZER_NONNULL = YES;
				CLANG_ANALYZER_NUMBER_OBJECT_CONVERSION = YES_AGGRESSIVE;
				CLANG_CXX_LANGUAGE_STANDARD = "gnu++14";
				CLANG_CXX_LIBRARY = "libc++";
				CLANG_ENABLE_MODULES = YES;
				CLANG_ENABLE_OBJC_ARC = YES;
				CLANG_ENABLE_OBJC_WEAK = YES;
				CLANG_WARN_BLOCK_CAPTURE_AUTORELEASING = YES;
				CLANG_WARN_BOOL_CONVERSION = YES;
				CLANG_WARN_COMMA = YES;
				CLANG_WARN_CONSTANT_CONVERSION = YES;
				CLANG_WARN_DEPRECATED_OBJC_IMPLEMENTATIONS = YES;
				CLANG_WARN_DIRECT_OBJC_ISA_USAGE = YES_ERROR;
				CLANG_WARN_DOCUMENTATION_COMMENTS = YES;
				CLANG_WARN_EMPTY_BODY = YES;
				CLANG_WARN_ENUM_CONVERSION = YES;
				CLANG_WARN_INFINITE_RECURSION = YES;
				CLANG_WARN_INT_CONVERSION = YES;
				CLANG_WARN_NON_LITERAL_NULL_CONVERSION = YES;
				CLANG_WARN_OBJC_IMPLICIT_RETAIN_SELF = YES;
				CLANG_WARN_OBJC_LITERAL_CONVERSION = YES;
				CLANG_WARN_OBJC_ROOT_CLASS = YES_ERROR;
				CLANG_WARN_RANGE_LOOP_ANALYSIS = YES;
				CLANG_WARN_STRICT_PROTOTYPES = YES;
				CLANG_WARN_SUSPICIOUS_MOVE = YES;
				CLANG_WARN_UNGUARDED_AVAILABILITY = YES_AGGRESSIVE;
				CLANG_WARN_UNREACHABLE_CODE = YES;
				CLANG_WARN__DUPLICATE_METHOD_MATCH = YES;
				COPY_PHASE_STRIP = NO;
				DEBUG_INFORMATION_FORMAT = dwarf;
				ENABLE_STRICT_OBJC_MSGSEND = YES;
				ENABLE_TESTABILITY = YES;
				GCC_C_LANGUAGE_STANDARD = gnu11;
				GCC_DYNAMIC_NO_PIC = NO;
				GCC_NO_COMMON_BLOCKS = YES;
				GCC_OPTIMIZATION_LEVEL = 0;
				GCC_PREPROCESSOR_DEFINITIONS = (
					"DEBUG=1",
					"$(inherited)",
				);
				GCC_WARN_64_TO_32_BIT_CONVERSION = YES;
				GCC_WARN_ABOUT_RETURN_TYPE = YES_ERROR;
				GCC_WARN_UNDECLARED_SELECTOR = YES;
				GCC_WARN_UNINITIALIZED_AUTOS = YES_AGGRESSIVE;
				GCC_WARN_UNUSED_FUNCTION = YES;
				GCC_WARN_UNUSED_VARIABLE = YES;
				IPHONEOS_DEPLOYMENT_TARGET = 12.0;
				MTL_ENABLE_DEBUG_INFO = INCLUDE_SOURCE;
				MTL_FAST_MATH = YES;
				ONLY_ACTIVE_ARCH = YES;
				SDKROOT = iphoneos;
				SWIFT_ACTIVE_COMPILATION_CONDITIONS = DEBUG;
				SWIFT_OPTIMIZATION_LEVEL = "-Onone";
			};
			name = Debug;
		};
		8E888042248DF71400E7E620 /* Release */ = {
			isa = XCBuildConfiguration;
			buildSettings = {
				ALWAYS_SEARCH_USER_PATHS = NO;
				CLANG_ANALYZER_NONNULL = YES;
				CLANG_ANALYZER_NUMBER_OBJECT_CONVERSION = YES_AGGRESSIVE;
				CLANG_CXX_LANGUAGE_STANDARD = "gnu++14";
				CLANG_CXX_LIBRARY = "libc++";
				CLANG_ENABLE_MODULES = YES;
				CLANG_ENABLE_OBJC_ARC = YES;
				CLANG_ENABLE_OBJC_WEAK = YES;
				CLANG_WARN_BLOCK_CAPTURE_AUTORELEASING = YES;
				CLANG_WARN_BOOL_CONVERSION = YES;
				CLANG_WARN_COMMA = YES;
				CLANG_WARN_CONSTANT_CONVERSION = YES;
				CLANG_WARN_DEPRECATED_OBJC_IMPLEMENTATIONS = YES;
				CLANG_WARN_DIRECT_OBJC_ISA_USAGE = YES_ERROR;
				CLANG_WARN_DOCUMENTATION_COMMENTS = YES;
				CLANG_WARN_EMPTY_BODY = YES;
				CLANG_WARN_ENUM_CONVERSION = YES;
				CLANG_WARN_INFINITE_RECURSION = YES;
				CLANG_WARN_INT_CONVERSION = YES;
				CLANG_WARN_NON_LITERAL_NULL_CONVERSION = YES;
				CLANG_WARN_OBJC_IMPLICIT_RETAIN_SELF = YES;
				CLANG_WARN_OBJC_LITERAL_CONVERSION = YES;
				CLANG_WARN_OBJC_ROOT_CLASS = YES_ERROR;
				CLANG_WARN_RANGE_LOOP_ANALYSIS = YES;
				CLANG_WARN_STRICT_PROTOTYPES = YES;
				CLANG_WARN_SUSPICIOUS_MOVE = YES;
				CLANG_WARN_UNGUARDED_AVAILABILITY = YES_AGGRESSIVE;
				CLANG_WARN_UNREACHABLE_CODE = YES;
				CLANG_WARN__DUPLICATE_METHOD_MATCH = YES;
				COPY_PHASE_STRIP = NO;
				DEBUG_INFORMATION_FORMAT = "dwarf-with-dsym";
				ENABLE_NS_ASSERTIONS = NO;
				ENABLE_STRICT_OBJC_MSGSEND = YES;
				GCC_C_LANGUAGE_STANDARD = gnu11;
				GCC_NO_COMMON_BLOCKS = YES;
				GCC_WARN_64_TO_32_BIT_CONVERSION = YES;
				GCC_WARN_ABOUT_RETURN_TYPE = YES_ERROR;
				GCC_WARN_UNDECLARED_SELECTOR = YES;
				GCC_WARN_UNINITIALIZED_AUTOS = YES_AGGRESSIVE;
				GCC_WARN_UNUSED_FUNCTION = YES;
				GCC_WARN_UNUSED_VARIABLE = YES;
				IPHONEOS_DEPLOYMENT_TARGET = 12.0;
				MTL_ENABLE_DEBUG_INFO = NO;
				MTL_FAST_MATH = YES;
				SDKROOT = iphoneos;
				SWIFT_COMPILATION_MODE = wholemodule;
				SWIFT_OPTIMIZATION_LEVEL = "-O";
				VALIDATE_PRODUCT = YES;
			};
			name = Release;
		};
		8E888044248DF71400E7E620 /* Debug */ = {
			isa = XCBuildConfiguration;
			baseConfigurationReference = AC5DAF1AAEC8A387DB304794 /* Pods-IoraWallPaper.debug.xcconfig */;
			buildSettings = {
				ASSETCATALOG_COMPILER_APPICON_NAME = AppIcon;
				CODE_SIGN_IDENTITY = "Apple Development";
				CODE_SIGN_STYLE = Automatic;
				DEVELOPMENT_TEAM = 3ZS2532XM8;
				INFOPLIST_FILE = IoraWallPaper/Info.plist;
				IPHONEOS_DEPLOYMENT_TARGET = 12.0;
				LD_RUNPATH_SEARCH_PATHS = (
					"$(inherited)",
					"@executable_path/Frameworks",
				);
				PRODUCT_BUNDLE_IDENTIFIER = com.wargi.IoraWallPaper;
				PRODUCT_NAME = iORA;
				PROVISIONING_PROFILE_SPECIFIER = "";
				SWIFT_VERSION = 5.0;
				TARGETED_DEVICE_FAMILY = 1;
			};
			name = Debug;
		};
		8E888045248DF71400E7E620 /* Release */ = {
			isa = XCBuildConfiguration;
			baseConfigurationReference = 3485C558D3B708322FB9F7F4 /* Pods-IoraWallPaper.release.xcconfig */;
			buildSettings = {
				ASSETCATALOG_COMPILER_APPICON_NAME = AppIcon;
				CODE_SIGN_IDENTITY = "Apple Development";
				CODE_SIGN_STYLE = Automatic;
				DEVELOPMENT_TEAM = 3ZS2532XM8;
				INFOPLIST_FILE = IoraWallPaper/Info.plist;
				IPHONEOS_DEPLOYMENT_TARGET = 12.0;
				LD_RUNPATH_SEARCH_PATHS = (
					"$(inherited)",
					"@executable_path/Frameworks",
				);
				PRODUCT_BUNDLE_IDENTIFIER = com.wargi.IoraWallPaper;
				PRODUCT_NAME = iORA;
				PROVISIONING_PROFILE_SPECIFIER = "";
				SWIFT_VERSION = 5.0;
				TARGETED_DEVICE_FAMILY = 1;
			};
			name = Release;
		};
/* End XCBuildConfiguration section */

/* Begin XCConfigurationList section */
		8E88802A248DF71300E7E620 /* Build configuration list for PBXProject "IoraWallPaper" */ = {
			isa = XCConfigurationList;
			buildConfigurations = (
				8E888041248DF71400E7E620 /* Debug */,
				8E888042248DF71400E7E620 /* Release */,
			);
			defaultConfigurationIsVisible = 0;
			defaultConfigurationName = Release;
		};
		8E888043248DF71400E7E620 /* Build configuration list for PBXNativeTarget "IoraWallPaper" */ = {
			isa = XCConfigurationList;
			buildConfigurations = (
				8E888044248DF71400E7E620 /* Debug */,
				8E888045248DF71400E7E620 /* Release */,
			);
			defaultConfigurationIsVisible = 0;
			defaultConfigurationName = Release;
		};
/* End XCConfigurationList section */
	};
	rootObject = 8E888027248DF71300E7E620 /* Project object */;
}
